
Microsoft Visual Studio Solution File, Format Version 12.00
# Visual Studio Version 17
VisualStudioVersion = 17.1.32328.378
MinimumVisualStudioVersion = 10.0.40219.1
Project("{FAE04EC0-301F-11D3-BF4B-00C04F79EFBC}") = "CSharp-Boxing-Unboxing-Example", "CSharp-Boxing-Unboxing-Example.csproj", "{8DC97FC7-F38E-4A3C-AAA3-525539235892}"
EndProject
Global
	GlobalSection(SolutionConfigurationPlatforms) = preSolution
		Debug|Any CPU = Debug|Any CPU
		Release|Any CPU = Release|Any CPU
	EndGlobalSection
	GlobalSection(ProjectConfigurationPlatforms) = postSolution
		{8DC97FC7-F38E-4A3C-AAA3-525539235892}.Debug|Any CPU.ActiveCfg = Debug|Any CPU
		{8DC97FC7-F38E-4A3C-AAA3-525539235892}.Debug|Any CPU.Build.0 = Debug|Any CPU
		{8DC97FC7-F38E-4A3C-AAA3-525539235892}.Release|Any CPU.ActiveCfg = Release|Any CPU
		{8DC97FC7-F38E-4A3C-AAA3-525539235892}.Release|Any CPU.Build.0 = Release|Any CPU
	EndGlobalSection
	GlobalSection(SolutionProperties) = preSolution
		HideSolutionNode = FALSE
	EndGlobalSection
	GlobalSection(ExtensibilityGlobals) = postSolution
		SolutionGuid = {23A2F91C-924C-4BA0-B140-4EFC28ED2356}
	EndGlobalSection
EndGlobal
